github.com/BurntSushi/toml v0.3.1/go.mod h1:xHWCNGjB5oqiDr8zfno3MHue2Ht5sIBksp03qcyfWMU=
github.com/cpuguy83/go-md2man/v2 v2.0.1 h1:r/myEWzV9lfsM1tFLgDyu0atFtJ1fXn261LKYj/3DxU=
github.com/cpuguy83/go-md2man/v2 v2.0.1/go.mod h1:tgQtvFlXSQOSOSIRvRPT7W67SCa46tRHOmNcaadrF8o=
github.com/fsnotify/fsnotify v1.4.9 h1:hsms1Qyu0jgnwNXIxa+/V/PDsU6CfLf6CNO8H7IWoS4=
github.com/fsnotify/fsnotify v1.4.9/go.mod h1:znqG4EE+3YCdAaPaxE2ZRY/06pZUdp0tY4IgpuI1SZQ=
github.com/go-ping/ping v0.0.0-20211130115550-779d1e919534 h1:dhy9OQKGBh4zVXbjwbxxHjRxMJtLXj3zfgpBYQaR4Q4=
github.com/go-ping/ping v0.0.0-20211130115550-779d1e919534/go.mod h1:xIFjORFzTxqIV/tDVGO4eDy/bLuSyawEeojSm3GfRGk=
github.com/google/uuid v1.2.0 h1:qJYtXnJRWmpe7m/3XlyhrsLrEURqHRM2kxzoxXqyUDs=
github.com/google/uuid v1.2.0/go.mod h1:TIyPZe4MgqvfeYDBFedMoGGpEw/LqOeaOT+nhxU+yHo=
github.com/mattn/go-runewidth v0.0.9 h1:Lm995f3rfxdpd6TSmuVCHVb/QhupuXlYr8sCI/QdE+0=
github.com/mattn/go-runewidth v0.0.9/go.mod h1:H031xJmbD/WCDINGzjvQ9THkh0rPKHF+m2gUSrubnMI=
github.com/nxadm/tail v1.4.8 h1:nPr65rt6Y5JFSKQO7qToXr7pePgD6Gwiw05lkbyAQTE=
github.com/nxadm/tail v1.4.8/go.mod h1:+ncqLTQzXmGhMZNUePPaPqPvBxHAIsmXswZKocGu+AU=
github.com/olekukonko/tablewriter v0.0.5 h1:P2Ga83D34wi1o9J6Wh1mRuqd4mF/x/lgBS7N7AbDhec=
github.com/olekukonko/tablewriter v0.0.5/go.mod h1:hPp6KlRPjbx+hW8ykQs1w3UBbZlj6HuIJcUGPhkA7kY=
github.com/russross/blackfriday/v2 v2.1.0 h1:JIOH55/0cWyOuilr9/qlrm0BSXldqnqwMsf35Ld67mk=
github.com/russross/blackfriday/v2 v2.1.0/go.mod h1:+Rmxgy9KzJVeS9/2gXHxylqXiyQDYRxCVz55jmeOWTM=
github.com/tejzpr/zcli/v2 v2.4.1-0.20220419172759-49b528836b11 h1:rQ2Aafk83vHqVSKaN/tRk+5NHmPusD4MGHn/Z6Wrma4=
github.com/tejzpr/zcli/v2 v2.4.1-0.20220419172759-49b528836b11/go.mod h1:mR3etU9pSGV6snz1SFbZEnkp/QkrSOhA61rE8i7AZJA=
github.com/tejzpr/zetools-base64 v1.0.0 h1:TH/AiKBcWz2xHPY2YWU2Zqa4opgnJ/hZMRpVK7J0Y8U=
github.com/tejzpr/zetools-base64 v1.0.0/go.mod h1:XcGQDwBM5wUNMd5R5IzpVSUH3cgbY4y76tmI6ynb3m8=
github.com/tejzpr/zetools-checkport v1.0.0 h1:1oSjgRApEtVCdqx7gGgwn/gVt+uznbRe6s+PEKC7LqA=
github.com/tejzpr/zetools-checkport v1.0.0/go.mod h1:nPqxbZvDjdiYWozStEtBEO9+JjuKynWTdE+QlH1OPEU=
github.com/tejzpr/zetools-hmac v1.0.0 h1:Tb2mdn9xg+mh70PgZbZQwa2kfOoglCxV6PLQrewEYCc=
github.com/tejzpr/zetools-hmac v1.0.0/go.mod h1:Ew53/eQ6GOBIEni6nWNSv9O2GxcN4iDLm7oa2zBlmfI=
github.com/tejzpr/zetools-ls v1.0.0 h1:E6mTf3X+m3rq/NK+1QAHaOcpeTLgzPp84Z0ldMeXVtk=
github.com/tejzpr/zetools-ls v1.0.0/go.mod h1:pBjCcSDLQJlF+r6sZ/8ltIBcYVQOLR+YX990zamX/ss=
github.com/tejzpr/zetools-ping v1.0.0 h1:J1nM1KAT1wuAVcdfOb/cLN5vy6/NYVFSwHB60zcynvY=
github.com/tejzpr/zetools-ping v1.0.0/go.mod h1:0dDp1RCPqQ8V8IEKsA+wcP7ShCWNQdIOwQ/OGtNfaUk=
github.com/tejzpr/zetools-tail v1.0.0 h1:JHEjIP8LtaO8v05SBK1GpVpe1+Toc7mG3F6LQJr6Buw=
github.com/tejzpr/zetools-tail v1.0.0/go.mod h1:/PauT5Ryyr1bMx5VUgJXOLfcihaigLjLQtj0DdKbp7w=
golang.org/x/net v0.0.0-20210316092652-d523dce5a7f4 h1:b0LrWgu8+q7z4J+0Y3Umo5q1dL7NXBkKBWkaVkAq17E=
golang.org/x/net v0.0.0-20210316092652-d523dce5a7f4/go.mod h1:RBQZq4jEuRlivfhVLdyRGr576XBO4/greRjx4P4O3yc=
golang.org/x/sync v0.0.0-20210220032951-036812b2e83c h1:5KslGYwFpkhGh+Q16bwMP3cOontH8FOep7tGV86Y7SQ=
golang.org/x/sync v0.0.0-20210220032951-036812b2e83c/go.mod h1:RxMgew5VJxzue5/jJTE5uejpjVlOe/izrB70Jof72aM=
golang.org/x/sys v0.0.0-20191005200804-aed5e4c7ecf9/go.mod h1:h1NjWce9XRLGQEsW7wpKNCjG9DtNlClVuFLEZdDNbEs=
golang.org/x/sys v0.0.0-20201119102817-f84b799fce68/go.mod h1:h1NjWce9XRLGQEsW7wpKNCjG9DtNlClVuFLEZdDNbEs=
golang.org/x/sys v0.0.0-20210315160823-c6e025ad8005 h1:pDMpM2zh2MT0kHy037cKlSby2nEhD50SYqwQk76Nm40=
golang.org/x/sys v0.0.0-20210315160823-c6e025ad8005/go.mod h1:h1NjWce9XRLGQEsW7wpKNCjG9DtNlClVuFLEZdDNbEs=
golang.org/x/term v0.0.0-20201126162022-7de9c90e9dd1/go.mod h1:bj7SfCRtBDWHUb9snDiAeCFNEtKQo2Wmx5Cou7ajbmo=
golang.org/x/text v0.3.3/go.mod h1:5Zoc/QRtKVWzQhOtBMvqHzDpF6irO9z98xDceosuGiQ=
golang.org/x/tools v0.0.0-20180917221912-90fa682c2a6e/go.mod h1:n7NCudcB/nEzxVGmLbDWY5pfWTLqBcC2KZ6jyYvM4mQ=
gopkg.in/check.v1 v0.0.0-20161208181325-20d25e280405/go.mod h1:Co6ibVJAznAaIkqp8huTwlJQCZ016jof/cbN4VW5Yz0=
gopkg.in/tomb.v1 v1.0.0-20141024135613-dd632973f1e7 h1:uRGJdciOHaEIrze2W8Q3AKkepLTh2hOroT7a+7czfdQ=
gopkg.in/tomb.v1 v1.0.0-20141024135613-dd632973f1e7/go.mod h1:dt/ZhP58zS4L8KSrWDmTeBkI65Dw0HsyUHuEVlX15mw=
gopkg.in/yaml.v2 v2.2.8/go.mod h1:hI93XBmqTisBFMUTm0b8Fm+jr3Dg1NNxqwp+5A1VGuI=
